
Microsoft Visual Studio Solution File, Format Version 12.00
# Visual Studio Version 16
VisualStudioVersion = 16.0.30104.148
MinimumVisualStudioVersion = 10.0.40219.1
Project("{2150E333-8FDC-42A3-9474-1A3956D46DE8}") = "99.web", "99.web", "{C28DC1AF-1587-4E74-8AFA-ACCF195486A7}"
EndProject
Project("{2150E333-8FDC-42A3-9474-1A3956D46DE8}") = "01.identityServer4", "01.identityServer4", "{D4E6733E-126F-4421-881D-06A9E36CB8F7}"
EndProject
Project("{2150E333-8FDC-42A3-9474-1A3956D46DE8}") = "02.nest", "02.nest", "{9495871A-C746-4D6A-B0CC-7CA21E6692E8}"
EndProject
Project("{9A19103F-16F7-4668-BE54-9A1E7A4F7556}") = "EsProduct", "99.web\EsProduct\EsProduct.csproj", "{0D1B5D3D-59C7-4049-BA59-DC09361EC641}"
EndProject
Project("{9A19103F-16F7-4668-BE54-9A1E7A4F7556}") = "NESTDll", "02.nest\NESTDll\NESTDll.csproj", "{B0B574ED-CB7C-48F1-BEC0-75E6433E2FB2}"
EndProject
Project("{9A19103F-16F7-4668-BE54-9A1E7A4F7556}") = "Es.IdentityServer4", "01.identityServer4\Es.IdentityServer4\Es.IdentityServer4.csproj", "{BC80D92F-780E-479B-9E5D-0EC328FE8294}"
EndProject
Project("{2150E333-8FDC-42A3-9474-1A3956D46DE8}") = "03.mediatR", "03.mediatR", "{13A75D00-9403-48C8-AF36-54FAF66AD16E}"
EndProject
Project("{9A19103F-16F7-4668-BE54-9A1E7A4F7556}") = "MediatRs", "03.mediatR\MediatRs\MediatRs.csproj", "{AEAF8302-9BD7-4DC3-B600-F241A7945F0B}"
EndProject
Project("{2150E333-8FDC-42A3-9474-1A3956D46DE8}") = "00.publishs", "00.publishs", "{7DDFD55E-0E0A-400E-9527-A3DCB8755C4D}"
EndProject
Project("{9A19103F-16F7-4668-BE54-9A1E7A4F7556}") = "BasePro", "00.publishs\BasePro\BasePro.csproj", "{FE2C18D3-FFE1-4110-862C-DCD40163E4E5}"
EndProject
Project("{9A19103F-16F7-4668-BE54-9A1E7A4F7556}") = "TestApi", "99.web\TestApi\TestApi.csproj", "{ED179116-5894-41FE-BE9F-2BB7C641B6FF}"
EndProject
Project("{2150E333-8FDC-42A3-9474-1A3956D46DE8}") = "04.designMode", "04.designMode", "{1804B798-9BD5-4011-8B98-BC9637DED42E}"
EndProject
Project("{9A19103F-16F7-4668-BE54-9A1E7A4F7556}") = "DesignModes", "04.designMode\DesignModes\DesignModes.csproj", "{8AC58505-1594-470D-B615-0B5EBED4B73E}"
EndProject
Global
	GlobalSection(SolutionConfigurationPlatforms) = preSolution
		Debug|Any CPU = Debug|Any CPU
		Release|Any CPU = Release|Any CPU
	EndGlobalSection
	GlobalSection(ProjectConfigurationPlatforms) = postSolution
		{0D1B5D3D-59C7-4049-BA59-DC09361EC641}.Debug|Any CPU.ActiveCfg = Debug|Any CPU
		{0D1B5D3D-59C7-4049-BA59-DC09361EC641}.Debug|Any CPU.Build.0 = Debug|Any CPU
		{0D1B5D3D-59C7-4049-BA59-DC09361EC641}.Release|Any CPU.ActiveCfg = Release|Any CPU
		{0D1B5D3D-59C7-4049-BA59-DC09361EC641}.Release|Any CPU.Build.0 = Release|Any CPU
		{B0B574ED-CB7C-48F1-BEC0-75E6433E2FB2}.Debug|Any CPU.ActiveCfg = Debug|Any CPU
		{B0B574ED-CB7C-48F1-BEC0-75E6433E2FB2}.Debug|Any CPU.Build.0 = Debug|Any CPU
		{B0B574ED-CB7C-48F1-BEC0-75E6433E2FB2}.Release|Any CPU.ActiveCfg = Release|Any CPU
		{B0B574ED-CB7C-48F1-BEC0-75E6433E2FB2}.Release|Any CPU.Build.0 = Release|Any CPU
		{BC80D92F-780E-479B-9E5D-0EC328FE8294}.Debug|Any CPU.ActiveCfg = Debug|Any CPU
		{BC80D92F-780E-479B-9E5D-0EC328FE8294}.Debug|Any CPU.Build.0 = Debug|Any CPU
		{BC80D92F-780E-479B-9E5D-0EC328FE8294}.Release|Any CPU.ActiveCfg = Release|Any CPU
		{BC80D92F-780E-479B-9E5D-0EC328FE8294}.Release|Any CPU.Build.0 = Release|Any CPU
		{AEAF8302-9BD7-4DC3-B600-F241A7945F0B}.Debug|Any CPU.ActiveCfg = Debug|Any CPU
		{AEAF8302-9BD7-4DC3-B600-F241A7945F0B}.Debug|Any CPU.Build.0 = Debug|Any CPU
		{AEAF8302-9BD7-4DC3-B600-F241A7945F0B}.Release|Any CPU.ActiveCfg = Release|Any CPU
		{AEAF8302-9BD7-4DC3-B600-F241A7945F0B}.Release|Any CPU.Build.0 = Release|Any CPU
		{FE2C18D3-FFE1-4110-862C-DCD40163E4E5}.Debug|Any CPU.ActiveCfg = Debug|Any CPU
		{FE2C18D3-FFE1-4110-862C-DCD40163E4E5}.Debug|Any CPU.Build.0 = Debug|Any CPU
		{FE2C18D3-FFE1-4110-862C-DCD40163E4E5}.Release|Any CPU.ActiveCfg = Release|Any CPU
		{FE2C18D3-FFE1-4110-862C-DCD40163E4E5}.Release|Any CPU.Build.0 = Release|Any CPU
		{ED179116-5894-41FE-BE9F-2BB7C641B6FF}.Debug|Any CPU.ActiveCfg = Debug|Any CPU
		{ED179116-5894-41FE-BE9F-2BB7C641B6FF}.Debug|Any CPU.Build.0 = Debug|Any CPU
		{ED179116-5894-41FE-BE9F-2BB7C641B6FF}.Release|Any CPU.ActiveCfg = Release|Any CPU
		{ED179116-5894-41FE-BE9F-2BB7C641B6FF}.Release|Any CPU.Build.0 = Release|Any CPU
		{8AC58505-1594-470D-B615-0B5EBED4B73E}.Debug|Any CPU.ActiveCfg = Debug|Any CPU
		{8AC58505-1594-470D-B615-0B5EBED4B73E}.Debug|Any CPU.Build.0 = Debug|Any CPU
		{8AC58505-1594-470D-B615-0B5EBED4B73E}.Release|Any CPU.ActiveCfg = Release|Any CPU
		{8AC58505-1594-470D-B615-0B5EBED4B73E}.Release|Any CPU.Build.0 = Release|Any CPU
	EndGlobalSection
	GlobalSection(SolutionProperties) = preSolution
		HideSolutionNode = FALSE
	EndGlobalSection
	GlobalSection(NestedProjects) = preSolution
		{0D1B5D3D-59C7-4049-BA59-DC09361EC641} = {C28DC1AF-1587-4E74-8AFA-ACCF195486A7}
		{B0B574ED-CB7C-48F1-BEC0-75E6433E2FB2} = {9495871A-C746-4D6A-B0CC-7CA21E6692E8}
		{BC80D92F-780E-479B-9E5D-0EC328FE8294} = {D4E6733E-126F-4421-881D-06A9E36CB8F7}
		{AEAF8302-9BD7-4DC3-B600-F241A7945F0B} = {13A75D00-9403-48C8-AF36-54FAF66AD16E}
		{FE2C18D3-FFE1-4110-862C-DCD40163E4E5} = {7DDFD55E-0E0A-400E-9527-A3DCB8755C4D}
		{ED179116-5894-41FE-BE9F-2BB7C641B6FF} = {C28DC1AF-1587-4E74-8AFA-ACCF195486A7}
		{8AC58505-1594-470D-B615-0B5EBED4B73E} = {1804B798-9BD5-4011-8B98-BC9637DED42E}
	EndGlobalSection
	GlobalSection(ExtensibilityGlobals) = postSolution
		SolutionGuid = {24877A3C-01ED-4684-A9EA-724F473CDE3F}
	EndGlobalSection
EndGlobal
